
Microsoft Visual Studio Solution File, Format Version 12.00
# Visual Studio 15
VisualStudioVersion = 15.0.26823.1
MinimumVisualStudioVersion = 10.0.40219.1
Project("{FAE04EC0-301F-11D3-BF4B-00C04F79EFBC}") = "IdentityServerQuickStart", "IdentityServerQuickStart\IdentityServerQuickStart.csproj", "{1BA198E6-C7A7-49B7-B906-020751D83490}"
EndProject
Project("{FAE04EC0-301F-11D3-BF4B-00C04F79EFBC}") = "BeProtected.WebApi", "ApiClient\BeProtected.WebApi.csproj", "{CC658849-A0F1-4D7F-A727-1F9A5332A8B0}"
EndProject
Project("{FAE04EC0-301F-11D3-BF4B-00C04F79EFBC}") = "ClientCredentials.ConsoleAppClient", "ConsoleAppClient\ClientCredentials.ConsoleAppClient.csproj", "{04BD9D05-D317-4B5B-B014-F7E5E3F31163}"
EndProject
Project("{FAE04EC0-301F-11D3-BF4B-00C04F79EFBC}") = "ResourceOwnerPassword.ConsoleAppClient", "ResourceOwnerPassword.ConsoleAppClient\ResourceOwnerPassword.ConsoleAppClient.csproj", "{7AF7531B-B5BE-4EA9-B70F-7A1E31EFD5B0}"
EndProject
Project("{2150E333-8FDC-42A3-9474-1A3956D46DE8}") = "1.无用户界面交互的认证授权Demo", "1.无用户界面交互的认证授权Demo", "{4264D9E5-2F8D-44A5-B0CC-08ACB912DBD3}"
EndProject
Project("{2150E333-8FDC-42A3-9474-1A3956D46DE8}") = "1.认证授权服务", "1.认证授权服务", "{BF6E03A0-497D-41F1-930B-BB3BE2094544}"
EndProject
Project("{2150E333-8FDC-42A3-9474-1A3956D46DE8}") = "2.受保护的资源（Api接口）", "2.受保护的资源（Api接口）", "{4FDA7F31-F25D-42A3-A150-06594DD30BBE}"
EndProject
Project("{2150E333-8FDC-42A3-9474-1A3956D46DE8}") = "3.1基于客户端模式的认证授权", "3.1基于客户端模式的认证授权", "{B3663AAD-2288-413C-829B-52C0BA24A7C2}"
EndProject
Project("{2150E333-8FDC-42A3-9474-1A3956D46DE8}") = "3.2基于密码模式的认证授权", "3.2基于密码模式的认证授权", "{6EAF5695-B1D2-4880-BE28-5A2C8A67C4B1}"
EndProject
Project("{2150E333-8FDC-42A3-9474-1A3956D46DE8}") = "2.有用户界面交互的认证授权Demo", "2.有用户界面交互的认证授权Demo", "{46580674-CA81-446C-BFA0-A1FE50A2714D}"
EndProject
Project("{FAE04EC0-301F-11D3-BF4B-00C04F79EFBC}") = "IdentityServerQuickStartWithUI", "IdentityServerQuickStartWithUI\IdentityServerQuickStartWithUI.csproj", "{89F92645-F4A0-4D62-A09A-C3091D7ADE20}"
EndProject
Project("{FAE04EC0-301F-11D3-BF4B-00C04F79EFBC}") = "ImplicitFlow.MvcClient", "ImplicitFlow.MvcClient\ImplicitFlow.MvcClient.csproj", "{9CA782EE-A72B-4EF5-923D-9EF2A1197991}"
EndProject
Project("{FAE04EC0-301F-11D3-BF4B-00C04F79EFBC}") = "HybridAndClientCredentials.MvcClient", "HybridAndClientCredentials.MvcClient\HybridAndClientCredentials.MvcClient.csproj", "{95AD64EA-3A31-4ED4-966B-0055A3E7A349}"
EndProject
Project("{FAE04EC0-301F-11D3-BF4B-00C04F79EFBC}") = "BeProtected.WebApi2", "BeProtected.WebApi2\BeProtected.WebApi2.csproj", "{924E9198-82EF-4857-93F5-E78C98B2A69A}"
EndProject
Project("{FAE04EC0-301F-11D3-BF4B-00C04F79EFBC}") = "IdentityServerQuickStartWithUIAndDb", "IdentityServerQuickStartWithUIAndDb\IdentityServerQuickStartWithUIAndDb.csproj", "{97C51A34-0BAB-4484-974C-F81FB3DBE30E}"
EndProject
Project("{FAE04EC0-301F-11D3-BF4B-00C04F79EFBC}") = "JavaScriptClient", "JavaScriptClient\JavaScriptClient.csproj", "{2A8E9D22-18EB-4903-986E-AE098C056E12}"
EndProject
Global
	GlobalSection(SolutionConfigurationPlatforms) = preSolution
		Debug|Any CPU = Debug|Any CPU
		Release|Any CPU = Release|Any CPU
	EndGlobalSection
	GlobalSection(ProjectConfigurationPlatforms) = postSolution
		{1BA198E6-C7A7-49B7-B906-020751D83490}.Debug|Any CPU.ActiveCfg = Debug|Any CPU
		{1BA198E6-C7A7-49B7-B906-020751D83490}.Debug|Any CPU.Build.0 = Debug|Any CPU
		{1BA198E6-C7A7-49B7-B906-020751D83490}.Release|Any CPU.ActiveCfg = Release|Any CPU
		{1BA198E6-C7A7-49B7-B906-020751D83490}.Release|Any CPU.Build.0 = Release|Any CPU
		{CC658849-A0F1-4D7F-A727-1F9A5332A8B0}.Debug|Any CPU.ActiveCfg = Debug|Any CPU
		{CC658849-A0F1-4D7F-A727-1F9A5332A8B0}.Debug|Any CPU.Build.0 = Debug|Any CPU
		{CC658849-A0F1-4D7F-A727-1F9A5332A8B0}.Release|Any CPU.ActiveCfg = Release|Any CPU
		{CC658849-A0F1-4D7F-A727-1F9A5332A8B0}.Release|Any CPU.Build.0 = Release|Any CPU
		{04BD9D05-D317-4B5B-B014-F7E5E3F31163}.Debug|Any CPU.ActiveCfg = Debug|Any CPU
		{04BD9D05-D317-4B5B-B014-F7E5E3F31163}.Debug|Any CPU.Build.0 = Debug|Any CPU
		{04BD9D05-D317-4B5B-B014-F7E5E3F31163}.Release|Any CPU.ActiveCfg = Release|Any CPU
		{04BD9D05-D317-4B5B-B014-F7E5E3F31163}.Release|Any CPU.Build.0 = Release|Any CPU
		{7AF7531B-B5BE-4EA9-B70F-7A1E31EFD5B0}.Debug|Any CPU.ActiveCfg = Debug|Any CPU
		{7AF7531B-B5BE-4EA9-B70F-7A1E31EFD5B0}.Debug|Any CPU.Build.0 = Debug|Any CPU
		{7AF7531B-B5BE-4EA9-B70F-7A1E31EFD5B0}.Release|Any CPU.ActiveCfg = Release|Any CPU
		{7AF7531B-B5BE-4EA9-B70F-7A1E31EFD5B0}.Release|Any CPU.Build.0 = Release|Any CPU
		{89F92645-F4A0-4D62-A09A-C3091D7ADE20}.Debug|Any CPU.ActiveCfg = Debug|Any CPU
		{89F92645-F4A0-4D62-A09A-C3091D7ADE20}.Debug|Any CPU.Build.0 = Debug|Any CPU
		{89F92645-F4A0-4D62-A09A-C3091D7ADE20}.Release|Any CPU.ActiveCfg = Release|Any CPU
		{89F92645-F4A0-4D62-A09A-C3091D7ADE20}.Release|Any CPU.Build.0 = Release|Any CPU
		{9CA782EE-A72B-4EF5-923D-9EF2A1197991}.Debug|Any CPU.ActiveCfg = Debug|Any CPU
		{9CA782EE-A72B-4EF5-923D-9EF2A1197991}.Debug|Any CPU.Build.0 = Debug|Any CPU
		{9CA782EE-A72B-4EF5-923D-9EF2A1197991}.Release|Any CPU.ActiveCfg = Release|Any CPU
		{9CA782EE-A72B-4EF5-923D-9EF2A1197991}.Release|Any CPU.Build.0 = Release|Any CPU
		{95AD64EA-3A31-4ED4-966B-0055A3E7A349}.Debug|Any CPU.ActiveCfg = Debug|Any CPU
		{95AD64EA-3A31-4ED4-966B-0055A3E7A349}.Debug|Any CPU.Build.0 = Debug|Any CPU
		{95AD64EA-3A31-4ED4-966B-0055A3E7A349}.Release|Any CPU.ActiveCfg = Release|Any CPU
		{95AD64EA-3A31-4ED4-966B-0055A3E7A349}.Release|Any CPU.Build.0 = Release|Any CPU
		{924E9198-82EF-4857-93F5-E78C98B2A69A}.Debug|Any CPU.ActiveCfg = Debug|Any CPU
		{924E9198-82EF-4857-93F5-E78C98B2A69A}.Debug|Any CPU.Build.0 = Debug|Any CPU
		{924E9198-82EF-4857-93F5-E78C98B2A69A}.Release|Any CPU.ActiveCfg = Release|Any CPU
		{924E9198-82EF-4857-93F5-E78C98B2A69A}.Release|Any CPU.Build.0 = Release|Any CPU
		{97C51A34-0BAB-4484-974C-F81FB3DBE30E}.Debug|Any CPU.ActiveCfg = Debug|Any CPU
		{97C51A34-0BAB-4484-974C-F81FB3DBE30E}.Debug|Any CPU.Build.0 = Debug|Any CPU
		{97C51A34-0BAB-4484-974C-F81FB3DBE30E}.Release|Any CPU.ActiveCfg = Release|Any CPU
		{97C51A34-0BAB-4484-974C-F81FB3DBE30E}.Release|Any CPU.Build.0 = Release|Any CPU
		{2A8E9D22-18EB-4903-986E-AE098C056E12}.Debug|Any CPU.ActiveCfg = Debug|Any CPU
		{2A8E9D22-18EB-4903-986E-AE098C056E12}.Debug|Any CPU.Build.0 = Debug|Any CPU
		{2A8E9D22-18EB-4903-986E-AE098C056E12}.Release|Any CPU.ActiveCfg = Release|Any CPU
		{2A8E9D22-18EB-4903-986E-AE098C056E12}.Release|Any CPU.Build.0 = Release|Any CPU
	EndGlobalSection
	GlobalSection(SolutionProperties) = preSolution
		HideSolutionNode = FALSE
	EndGlobalSection
	GlobalSection(NestedProjects) = preSolution
		{1BA198E6-C7A7-49B7-B906-020751D83490} = {BF6E03A0-497D-41F1-930B-BB3BE2094544}
		{CC658849-A0F1-4D7F-A727-1F9A5332A8B0} = {4FDA7F31-F25D-42A3-A150-06594DD30BBE}
		{04BD9D05-D317-4B5B-B014-F7E5E3F31163} = {B3663AAD-2288-413C-829B-52C0BA24A7C2}
		{7AF7531B-B5BE-4EA9-B70F-7A1E31EFD5B0} = {6EAF5695-B1D2-4880-BE28-5A2C8A67C4B1}
		{BF6E03A0-497D-41F1-930B-BB3BE2094544} = {4264D9E5-2F8D-44A5-B0CC-08ACB912DBD3}
		{4FDA7F31-F25D-42A3-A150-06594DD30BBE} = {4264D9E5-2F8D-44A5-B0CC-08ACB912DBD3}
		{B3663AAD-2288-413C-829B-52C0BA24A7C2} = {4264D9E5-2F8D-44A5-B0CC-08ACB912DBD3}
		{6EAF5695-B1D2-4880-BE28-5A2C8A67C4B1} = {4264D9E5-2F8D-44A5-B0CC-08ACB912DBD3}
		{89F92645-F4A0-4D62-A09A-C3091D7ADE20} = {46580674-CA81-446C-BFA0-A1FE50A2714D}
		{9CA782EE-A72B-4EF5-923D-9EF2A1197991} = {46580674-CA81-446C-BFA0-A1FE50A2714D}
		{95AD64EA-3A31-4ED4-966B-0055A3E7A349} = {46580674-CA81-446C-BFA0-A1FE50A2714D}
		{924E9198-82EF-4857-93F5-E78C98B2A69A} = {46580674-CA81-446C-BFA0-A1FE50A2714D}
		{97C51A34-0BAB-4484-974C-F81FB3DBE30E} = {46580674-CA81-446C-BFA0-A1FE50A2714D}
		{2A8E9D22-18EB-4903-986E-AE098C056E12} = {46580674-CA81-446C-BFA0-A1FE50A2714D}
	EndGlobalSection
	GlobalSection(ExtensibilityGlobals) = postSolution
		SolutionGuid = {C51A9D4F-6B48-4375-9DEE-9D5EDE48D5E9}
	EndGlobalSection
EndGlobal
